
Microsoft Visual Studio Solution File, Format Version 12.00
# Visual Studio 14
VisualStudioVersion = 14.0.25420.1
MinimumVisualStudioVersion = 10.0.40219.1
Project("{FAE04EC0-301F-11D3-BF4B-00C04F79EFBC}") = "WWJ.Charle.KXS", "WWJ.Charle.KXS\WWJ.Charle.KXS.csproj", "{3640797B-5016-4719-95E8-F2B4BDBEF307}"
EndProject
Project("{FAE04EC0-301F-11D3-BF4B-00C04F79EFBC}") = "WWJ.Charle.KXS.DAL", "WWJ.Charle.KXS.DAL\WWJ.Charle.KXS.DAL.csproj", "{5F1874C5-5D9F-4F1D-AADA-425854DA5089}"
EndProject
Project("{FAE04EC0-301F-11D3-BF4B-00C04F79EFBC}") = "WWJ.Charle.Model", "WWJ.Charle.Model\WWJ.Charle.Model.csproj", "{1E48083C-0282-4230-BB9A-C8BE7B24C05B}"
EndProject
Project("{FAE04EC0-301F-11D3-BF4B-00C04F79EFBC}") = "WWJ.Charle.Common", "WWJ.Charle.Common\WWJ.Charle.Common.csproj", "{E2CF45FD-BF1B-4DCE-B7E4-3BB1104E5681}"
EndProject
Project("{FAE04EC0-301F-11D3-BF4B-00C04F79EFBC}") = "WWJ.Charle.WinformTest", "WWJ.Charle.WinformTest\WWJ.Charle.WinformTest.csproj", "{A8B5FA7B-CD5A-43EB-92ED-5539E82FE960}"
EndProject
Global
	GlobalSection(SolutionConfigurationPlatforms) = preSolution
		Debug|Any CPU = Debug|Any CPU
		Release|Any CPU = Release|Any CPU
	EndGlobalSection
	GlobalSection(ProjectConfigurationPlatforms) = postSolution
		{3640797B-5016-4719-95E8-F2B4BDBEF307}.Debug|Any CPU.ActiveCfg = Debug|Any CPU
		{3640797B-5016-4719-95E8-F2B4BDBEF307}.Debug|Any CPU.Build.0 = Debug|Any CPU
		{3640797B-5016-4719-95E8-F2B4BDBEF307}.Release|Any CPU.ActiveCfg = Release|Any CPU
		{3640797B-5016-4719-95E8-F2B4BDBEF307}.Release|Any CPU.Build.0 = Release|Any CPU
		{5F1874C5-5D9F-4F1D-AADA-425854DA5089}.Debug|Any CPU.ActiveCfg = Debug|Any CPU
		{5F1874C5-5D9F-4F1D-AADA-425854DA5089}.Debug|Any CPU.Build.0 = Debug|Any CPU
		{5F1874C5-5D9F-4F1D-AADA-425854DA5089}.Release|Any CPU.ActiveCfg = Release|Any CPU
		{5F1874C5-5D9F-4F1D-AADA-425854DA5089}.Release|Any CPU.Build.0 = Release|Any CPU
		{1E48083C-0282-4230-BB9A-C8BE7B24C05B}.Debug|Any CPU.ActiveCfg = Debug|Any CPU
		{1E48083C-0282-4230-BB9A-C8BE7B24C05B}.Debug|Any CPU.Build.0 = Debug|Any CPU
		{1E48083C-0282-4230-BB9A-C8BE7B24C05B}.Release|Any CPU.ActiveCfg = Release|Any CPU
		{1E48083C-0282-4230-BB9A-C8BE7B24C05B}.Release|Any CPU.Build.0 = Release|Any CPU
		{E2CF45FD-BF1B-4DCE-B7E4-3BB1104E5681}.Debug|Any CPU.ActiveCfg = Debug|Any CPU
		{E2CF45FD-BF1B-4DCE-B7E4-3BB1104E5681}.Debug|Any CPU.Build.0 = Debug|Any CPU
		{E2CF45FD-BF1B-4DCE-B7E4-3BB1104E5681}.Release|Any CPU.ActiveCfg = Release|Any CPU
		{E2CF45FD-BF1B-4DCE-B7E4-3BB1104E5681}.Release|Any CPU.Build.0 = Release|Any CPU
		{A8B5FA7B-CD5A-43EB-92ED-5539E82FE960}.Debug|Any CPU.ActiveCfg = Debug|Any CPU
		{A8B5FA7B-CD5A-43EB-92ED-5539E82FE960}.Debug|Any CPU.Build.0 = Debug|Any CPU
		{A8B5FA7B-CD5A-43EB-92ED-5539E82FE960}.Release|Any CPU.ActiveCfg = Release|Any CPU
		{A8B5FA7B-CD5A-43EB-92ED-5539E82FE960}.Release|Any CPU.Build.0 = Release|Any CPU
	EndGlobalSection
	GlobalSection(SolutionProperties) = preSolution
		HideSolutionNode = FALSE
	EndGlobalSection
EndGlobal
